
Microsoft Visual Studio Solution File, Format Version 12.00
# Visual Studio Version 16
VisualStudioVersion = 16.0.32228.343
MinimumVisualStudioVersion = 10.0.40219.1
Project("{FAE04EC0-301F-11D3-BF4B-00C04F79EFBC}") = "MobileAPI", "MobileAPI\MobileAPI.csproj", "{CB458586-3EEE-4B2C-AE68-ED9A0D9E7839}"
EndProject
Project("{FAE04EC0-301F-11D3-BF4B-00C04F79EFBC}") = "DatabaseScaffolding", "DatabaseScaffolding\DatabaseScaffolding.csproj", "{3F594CEC-4B53-4A5B-BEA9-F46AE1B7EFDA}"
EndProject
Project("{FAE04EC0-301F-11D3-BF4B-00C04F79EFBC}") = "ServiceLayer", "ServiceLayer\ServiceLayer.csproj", "{8FE7CF8B-4E1C-4E24-A71C-67602FC48D63}"
EndProject
Project("{FAE04EC0-301F-11D3-BF4B-00C04F79EFBC}") = "DataContract", "DataContract\DataContract.csproj", "{6E785F3F-5FF4-4211-B7A2-50ADD21FF88D}"
EndProject
Global
	GlobalSection(SolutionConfigurationPlatforms) = preSolution
		Debug|Any CPU = Debug|Any CPU
		Release|Any CPU = Release|Any CPU
	EndGlobalSection
	GlobalSection(ProjectConfigurationPlatforms) = postSolution
		{CB458586-3EEE-4B2C-AE68-ED9A0D9E7839}.Debug|Any CPU.ActiveCfg = Debug|Any CPU
		{CB458586-3EEE-4B2C-AE68-ED9A0D9E7839}.Debug|Any CPU.Build.0 = Debug|Any CPU
		{CB458586-3EEE-4B2C-AE68-ED9A0D9E7839}.Release|Any CPU.ActiveCfg = Release|Any CPU
		{CB458586-3EEE-4B2C-AE68-ED9A0D9E7839}.Release|Any CPU.Build.0 = Release|Any CPU
		{3F594CEC-4B53-4A5B-BEA9-F46AE1B7EFDA}.Debug|Any CPU.ActiveCfg = Debug|Any CPU
		{3F594CEC-4B53-4A5B-BEA9-F46AE1B7EFDA}.Debug|Any CPU.Build.0 = Debug|Any CPU
		{3F594CEC-4B53-4A5B-BEA9-F46AE1B7EFDA}.Release|Any CPU.ActiveCfg = Release|Any CPU
		{3F594CEC-4B53-4A5B-BEA9-F46AE1B7EFDA}.Release|Any CPU.Build.0 = Release|Any CPU
		{8FE7CF8B-4E1C-4E24-A71C-67602FC48D63}.Debug|Any CPU.ActiveCfg = Debug|Any CPU
		{8FE7CF8B-4E1C-4E24-A71C-67602FC48D63}.Debug|Any CPU.Build.0 = Debug|Any CPU
		{8FE7CF8B-4E1C-4E24-A71C-67602FC48D63}.Release|Any CPU.ActiveCfg = Release|Any CPU
		{8FE7CF8B-4E1C-4E24-A71C-67602FC48D63}.Release|Any CPU.Build.0 = Release|Any CPU
		{6E785F3F-5FF4-4211-B7A2-50ADD21FF88D}.Debug|Any CPU.ActiveCfg = Debug|Any CPU
		{6E785F3F-5FF4-4211-B7A2-50ADD21FF88D}.Debug|Any CPU.Build.0 = Debug|Any CPU
		{6E785F3F-5FF4-4211-B7A2-50ADD21FF88D}.Release|Any CPU.ActiveCfg = Release|Any CPU
		{6E785F3F-5FF4-4211-B7A2-50ADD21FF88D}.Release|Any CPU.Build.0 = Release|Any CPU
	EndGlobalSection
	GlobalSection(SolutionProperties) = preSolution
		HideSolutionNode = FALSE
	EndGlobalSection
	GlobalSection(ExtensibilityGlobals) = postSolution
		SolutionGuid = {3C201EB1-FE65-45CB-9E08-60B776A397C9}
	EndGlobalSection
EndGlobal
